
Microsoft Visual Studio Solution File, Format Version 12.00
# Visual Studio Version 17
VisualStudioVersion = 17.11.35327.3
MinimumVisualStudioVersion = 10.0.40219.1
Project("{2150E333-8FDC-42A3-9474-1A3956D46DE8}") = "Solution Items", "Solution Items", "{A8A04893-1DA4-49AF-B114-2DB7D972341A}"
	ProjectSection(SolutionItems) = preProject
		.editorconfig = .editorconfig
		.gitattributes = .gitattributes
		.gitignore = .gitignore
		README.md = README.md
	EndProjectSection
EndProject
Project("{2150E333-8FDC-42A3-9474-1A3956D46DE8}") = "Source", "Source", "{AAE57ADF-6786-49D6-AE48-BCD59DD2954B}"
EndProject
Project("{2150E333-8FDC-42A3-9474-1A3956D46DE8}") = "Tests", "Tests", "{8E700D2F-BEA0-453D-BD93-9FBC526A07A2}"
EndProject
Project("{2150E333-8FDC-42A3-9474-1A3956D46DE8}") = "1 - Presentation", "1 - Presentation", "{9B7C4ECF-7201-45D1-8948-F922A9FDAA5C}"
EndProject
Project("{2150E333-8FDC-42A3-9474-1A3956D46DE8}") = "2 - Application", "2 - Application", "{6ADBD344-E06C-46B4-844E-FA3255CCB8DF}"
EndProject
Project("{2150E333-8FDC-42A3-9474-1A3956D46DE8}") = "3 - Domain", "3 - Domain", "{17E41695-58DF-4CD1-B0B7-E16E65EC1978}"
EndProject
Project("{2150E333-8FDC-42A3-9474-1A3956D46DE8}") = "4 - Infrastructure", "4 - Infrastructure", "{9B9C45D0-16C4-40EC-8CDF-87EDDF074EF4}"
EndProject
Project("{9A19103F-16F7-4668-BE54-9A1E7A4F7556}") = "uBee.Domain", "src\uBee.Domain\uBee.Domain.csproj", "{FB3A1A08-C4C3-47F2-A91F-88F51CF29F11}"
EndProject
Project("{9A19103F-16F7-4668-BE54-9A1E7A4F7556}") = "uBee.Application", "src\uBee.Application\uBee.Application.csproj", "{EBD00A36-B3C6-4417-98F2-78F3ED1266E9}"
EndProject
Project("{9A19103F-16F7-4668-BE54-9A1E7A4F7556}") = "uBee.Infrastructure", "src\uBee.Infrastructure\uBee.Infrastructure.csproj", "{3B5F0480-9C9E-48DE-A62C-B5A5610AF5B3}"
EndProject
Project("{9A19103F-16F7-4668-BE54-9A1E7A4F7556}") = "uBee.Persistence", "src\uBee.Persistence\uBee.Persistence.csproj", "{291D0228-73C8-4C1B-BAAC-4E06C928680F}"
EndProject
Project("{9A19103F-16F7-4668-BE54-9A1E7A4F7556}") = "uBee.Api", "src\uBee.Api\uBee.Api.csproj", "{AD651BA5-9BA1-48E5-934D-A0AF08F4177E}"
EndProject
Project("{E53339B2-1760-4266-BCC7-CA923CBCF16C}") = "docker-compose", "docker-compose.dcproj", "{A7535C40-0569-4706-8123-4E39E5DA1F11}"
EndProject
Project("{9A19103F-16F7-4668-BE54-9A1E7A4F7556}") = "uBee.ArchitectureTests", "tests\uBee.ArchitectureTests\uBee.ArchitectureTests.csproj", "{DFBD4799-9733-4CDE-88C4-ADEDE9809317}"
EndProject
Global
	GlobalSection(SolutionConfigurationPlatforms) = preSolution
		Debug|Any CPU = Debug|Any CPU
		Release|Any CPU = Release|Any CPU
	EndGlobalSection
	GlobalSection(ProjectConfigurationPlatforms) = postSolution
		{FB3A1A08-C4C3-47F2-A91F-88F51CF29F11}.Debug|Any CPU.ActiveCfg = Debug|Any CPU
		{FB3A1A08-C4C3-47F2-A91F-88F51CF29F11}.Debug|Any CPU.Build.0 = Debug|Any CPU
		{FB3A1A08-C4C3-47F2-A91F-88F51CF29F11}.Release|Any CPU.ActiveCfg = Release|Any CPU
		{FB3A1A08-C4C3-47F2-A91F-88F51CF29F11}.Release|Any CPU.Build.0 = Release|Any CPU
		{EBD00A36-B3C6-4417-98F2-78F3ED1266E9}.Debug|Any CPU.ActiveCfg = Debug|Any CPU
		{EBD00A36-B3C6-4417-98F2-78F3ED1266E9}.Debug|Any CPU.Build.0 = Debug|Any CPU
		{EBD00A36-B3C6-4417-98F2-78F3ED1266E9}.Release|Any CPU.ActiveCfg = Release|Any CPU
		{EBD00A36-B3C6-4417-98F2-78F3ED1266E9}.Release|Any CPU.Build.0 = Release|Any CPU
		{3B5F0480-9C9E-48DE-A62C-B5A5610AF5B3}.Debug|Any CPU.ActiveCfg = Debug|Any CPU
		{3B5F0480-9C9E-48DE-A62C-B5A5610AF5B3}.Debug|Any CPU.Build.0 = Debug|Any CPU
		{3B5F0480-9C9E-48DE-A62C-B5A5610AF5B3}.Release|Any CPU.ActiveCfg = Release|Any CPU
		{3B5F0480-9C9E-48DE-A62C-B5A5610AF5B3}.Release|Any CPU.Build.0 = Release|Any CPU
		{291D0228-73C8-4C1B-BAAC-4E06C928680F}.Debug|Any CPU.ActiveCfg = Debug|Any CPU
		{291D0228-73C8-4C1B-BAAC-4E06C928680F}.Debug|Any CPU.Build.0 = Debug|Any CPU
		{291D0228-73C8-4C1B-BAAC-4E06C928680F}.Release|Any CPU.ActiveCfg = Release|Any CPU
		{291D0228-73C8-4C1B-BAAC-4E06C928680F}.Release|Any CPU.Build.0 = Release|Any CPU
		{AD651BA5-9BA1-48E5-934D-A0AF08F4177E}.Debug|Any CPU.ActiveCfg = Debug|Any CPU
		{AD651BA5-9BA1-48E5-934D-A0AF08F4177E}.Debug|Any CPU.Build.0 = Debug|Any CPU
		{AD651BA5-9BA1-48E5-934D-A0AF08F4177E}.Release|Any CPU.ActiveCfg = Release|Any CPU
		{AD651BA5-9BA1-48E5-934D-A0AF08F4177E}.Release|Any CPU.Build.0 = Release|Any CPU
		{A7535C40-0569-4706-8123-4E39E5DA1F11}.Debug|Any CPU.ActiveCfg = Debug|Any CPU
		{A7535C40-0569-4706-8123-4E39E5DA1F11}.Debug|Any CPU.Build.0 = Debug|Any CPU
		{A7535C40-0569-4706-8123-4E39E5DA1F11}.Release|Any CPU.ActiveCfg = Release|Any CPU
		{A7535C40-0569-4706-8123-4E39E5DA1F11}.Release|Any CPU.Build.0 = Release|Any CPU
		{DFBD4799-9733-4CDE-88C4-ADEDE9809317}.Debug|Any CPU.ActiveCfg = Debug|Any CPU
		{DFBD4799-9733-4CDE-88C4-ADEDE9809317}.Debug|Any CPU.Build.0 = Debug|Any CPU
		{DFBD4799-9733-4CDE-88C4-ADEDE9809317}.Release|Any CPU.ActiveCfg = Release|Any CPU
		{DFBD4799-9733-4CDE-88C4-ADEDE9809317}.Release|Any CPU.Build.0 = Release|Any CPU
	EndGlobalSection
	GlobalSection(SolutionProperties) = preSolution
		HideSolutionNode = FALSE
	EndGlobalSection
	GlobalSection(NestedProjects) = preSolution
		{9B7C4ECF-7201-45D1-8948-F922A9FDAA5C} = {AAE57ADF-6786-49D6-AE48-BCD59DD2954B}
		{6ADBD344-E06C-46B4-844E-FA3255CCB8DF} = {AAE57ADF-6786-49D6-AE48-BCD59DD2954B}
		{17E41695-58DF-4CD1-B0B7-E16E65EC1978} = {AAE57ADF-6786-49D6-AE48-BCD59DD2954B}
		{9B9C45D0-16C4-40EC-8CDF-87EDDF074EF4} = {AAE57ADF-6786-49D6-AE48-BCD59DD2954B}
		{FB3A1A08-C4C3-47F2-A91F-88F51CF29F11} = {17E41695-58DF-4CD1-B0B7-E16E65EC1978}
		{EBD00A36-B3C6-4417-98F2-78F3ED1266E9} = {6ADBD344-E06C-46B4-844E-FA3255CCB8DF}
		{3B5F0480-9C9E-48DE-A62C-B5A5610AF5B3} = {9B9C45D0-16C4-40EC-8CDF-87EDDF074EF4}
		{291D0228-73C8-4C1B-BAAC-4E06C928680F} = {9B9C45D0-16C4-40EC-8CDF-87EDDF074EF4}
		{AD651BA5-9BA1-48E5-934D-A0AF08F4177E} = {9B7C4ECF-7201-45D1-8948-F922A9FDAA5C}
		{DFBD4799-9733-4CDE-88C4-ADEDE9809317} = {8E700D2F-BEA0-453D-BD93-9FBC526A07A2}
	EndGlobalSection
	GlobalSection(ExtensibilityGlobals) = postSolution
		SolutionGuid = {2B91581D-F7EA-45F3-AC34-70CD937E949E}
	EndGlobalSection
EndGlobal
